
Microsoft Visual Studio Solution File, Format Version 12.00
# Visual Studio Version 17
VisualStudioVersion = 17.10.34916.146
MinimumVisualStudioVersion = 10.0.40219.1
Project("{FAE04EC0-301F-11D3-BF4B-00C04F79EFBC}") = "StudentProject", "StudentProject.csproj", "{821300FF-5C7F-49D0-BE21-B4891CDEB8A6}"
EndProject
Project("{FAE04EC0-301F-11D3-BF4B-00C04F79EFBC}") = "StudentConsoleApp", "..\StudentConsoleApp\StudentConsoleApp.csproj", "{38586713-B924-4F3B-B3BB-539651E87B58}"
EndProject
Global
	GlobalSection(SolutionConfigurationPlatforms) = preSolution
		Debug|Any CPU = Debug|Any CPU
		Release|Any CPU = Release|Any CPU
	EndGlobalSection
	GlobalSection(ProjectConfigurationPlatforms) = postSolution
		{821300FF-5C7F-49D0-BE21-B4891CDEB8A6}.Debug|Any CPU.ActiveCfg = Debug|Any CPU
		{821300FF-5C7F-49D0-BE21-B4891CDEB8A6}.Debug|Any CPU.Build.0 = Debug|Any CPU
		{821300FF-5C7F-49D0-BE21-B4891CDEB8A6}.Release|Any CPU.ActiveCfg = Release|Any CPU
		{821300FF-5C7F-49D0-BE21-B4891CDEB8A6}.Release|Any CPU.Build.0 = Release|Any CPU
		{38586713-B924-4F3B-B3BB-539651E87B58}.Debug|Any CPU.ActiveCfg = Debug|Any CPU
		{38586713-B924-4F3B-B3BB-539651E87B58}.Debug|Any CPU.Build.0 = Debug|Any CPU
		{38586713-B924-4F3B-B3BB-539651E87B58}.Release|Any CPU.ActiveCfg = Release|Any CPU
		{38586713-B924-4F3B-B3BB-539651E87B58}.Release|Any CPU.Build.0 = Release|Any CPU
	EndGlobalSection
	GlobalSection(SolutionProperties) = preSolution
		HideSolutionNode = FALSE
	EndGlobalSection
	GlobalSection(ExtensibilityGlobals) = postSolution
		SolutionGuid = {A10AB2A8-E66E-4892-AB41-C318062AC46A}
	EndGlobalSection
EndGlobal
