
Microsoft Visual Studio Solution File, Format Version 12.00
# Visual Studio Version 17
VisualStudioVersion = 17.10.35013.160
MinimumVisualStudioVersion = 10.0.40219.1
Project("{FAE04EC0-301F-11D3-BF4B-00C04F79EFBC}") = "InventoryToCustomer", "InventoryToCustomer.csproj", "{9DC539BE-EE18-467A-902A-BF738394AD59}"
EndProject
Project("{FAE04EC0-301F-11D3-BF4B-00C04F79EFBC}") = "InventoryToCustomerApp", "..\InventoryToCustomerApp\InventoryToCustomerApp.csproj", "{DCFA79B8-70E0-498A-859E-9DEDE265D772}"
EndProject
Global
	GlobalSection(SolutionConfigurationPlatforms) = preSolution
		Debug|Any CPU = Debug|Any CPU
		Release|Any CPU = Release|Any CPU
	EndGlobalSection
	GlobalSection(ProjectConfigurationPlatforms) = postSolution
		{9DC539BE-EE18-467A-902A-BF738394AD59}.Debug|Any CPU.ActiveCfg = Debug|Any CPU
		{9DC539BE-EE18-467A-902A-BF738394AD59}.Debug|Any CPU.Build.0 = Debug|Any CPU
		{9DC539BE-EE18-467A-902A-BF738394AD59}.Release|Any CPU.ActiveCfg = Release|Any CPU
		{9DC539BE-EE18-467A-902A-BF738394AD59}.Release|Any CPU.Build.0 = Release|Any CPU
		{DCFA79B8-70E0-498A-859E-9DEDE265D772}.Debug|Any CPU.ActiveCfg = Debug|Any CPU
		{DCFA79B8-70E0-498A-859E-9DEDE265D772}.Debug|Any CPU.Build.0 = Debug|Any CPU
		{DCFA79B8-70E0-498A-859E-9DEDE265D772}.Release|Any CPU.ActiveCfg = Release|Any CPU
		{DCFA79B8-70E0-498A-859E-9DEDE265D772}.Release|Any CPU.Build.0 = Release|Any CPU
	EndGlobalSection
	GlobalSection(SolutionProperties) = preSolution
		HideSolutionNode = FALSE
	EndGlobalSection
	GlobalSection(ExtensibilityGlobals) = postSolution
		SolutionGuid = {741A57A2-A7BB-4BE7-AEFF-102906ADF2B9}
	EndGlobalSection
EndGlobal
