
Microsoft Visual Studio Solution File, Format Version 12.00
# Visual Studio Version 17
VisualStudioVersion = 17.10.35013.160
MinimumVisualStudioVersion = 10.0.40219.1
Project("{FAE04EC0-301F-11D3-BF4B-00C04F79EFBC}") = "Waiter_App_Library", "Waiter_App_Library\Waiter_App_Library.csproj", "{9D7E9CA5-C7F0-4E32-B560-DF0485558085}"
EndProject
Project("{FAE04EC0-301F-11D3-BF4B-00C04F79EFBC}") = "Waiter_App", "Waiter_App\Waiter_App.csproj", "{93F51A2E-6BD5-4AEE-BC50-2A1994EBC740}"
EndProject
Global
	GlobalSection(SolutionConfigurationPlatforms) = preSolution
		Debug|Any CPU = Debug|Any CPU
		Release|Any CPU = Release|Any CPU
	EndGlobalSection
	GlobalSection(ProjectConfigurationPlatforms) = postSolution
		{9D7E9CA5-C7F0-4E32-B560-DF0485558085}.Debug|Any CPU.ActiveCfg = Debug|Any CPU
		{9D7E9CA5-C7F0-4E32-B560-DF0485558085}.Debug|Any CPU.Build.0 = Debug|Any CPU
		{9D7E9CA5-C7F0-4E32-B560-DF0485558085}.Release|Any CPU.ActiveCfg = Release|Any CPU
		{9D7E9CA5-C7F0-4E32-B560-DF0485558085}.Release|Any CPU.Build.0 = Release|Any CPU
		{93F51A2E-6BD5-4AEE-BC50-2A1994EBC740}.Debug|Any CPU.ActiveCfg = Debug|Any CPU
		{93F51A2E-6BD5-4AEE-BC50-2A1994EBC740}.Debug|Any CPU.Build.0 = Debug|Any CPU
		{93F51A2E-6BD5-4AEE-BC50-2A1994EBC740}.Release|Any CPU.ActiveCfg = Release|Any CPU
		{93F51A2E-6BD5-4AEE-BC50-2A1994EBC740}.Release|Any CPU.Build.0 = Release|Any CPU
	EndGlobalSection
	GlobalSection(SolutionProperties) = preSolution
		HideSolutionNode = FALSE
	EndGlobalSection
	GlobalSection(ExtensibilityGlobals) = postSolution
		SolutionGuid = {B0184685-506C-4A86-8FA2-595EFC16D7AC}
	EndGlobalSection
EndGlobal
